{
  "originHash" : "08c3bd9aa5405aff2b1e7bc8b6d8bb574bd2a9f93e4ad11ee949ccd2bba997ef",
  "pins" : [
    {
      "identity" : "trackerradarkit",
      "kind" : "remoteSourceControl",
      "location" : "https://github.com/duckduckgo/TrackerRadarKit.git",
      "state" : {
        "revision" : "a3f0ade39904602aa45874a7d71db4fafa10f7d9",
        "version" : "3.0.1"
      }
    }
  ],
  "version" : 3
}
